{
  "name": "tele-assistant-monorepo",
  "version": "1.0.0",
  "lockfileVersion": 3,
  "requires": true,
  "packages": {
    "": {
      "name": "tele-assistant-monorepo",
      "version": "1.0.0",
      "workspaces": [
        "packages/*",
        "services/*"
      ],
      "devDependencies": {
        "@types/node": "^20.0.0",
        "husky": "^8.0.0",
        "ts-node": "^10.9.1",
        "typescript": "^5.0.0"
      }
    },
    "node_modules/@colors/colors": {
      "version": "1.6.0",
      "license": "MIT",
      "engines": {
        "node": ">=0.1.90"
      }
    },
    "node_modules/@cspotcode/source-map-support": {
      "version": "0.8.1",
      "dev": true,
      "license": "MIT",
      "dependencies": {
        "@jridgewell/trace-mapping": "0.3.9"
      },
      "engines": {
        "node": ">=12"
      }
    },
    "node_modules/@dabh/diagnostics": {
      "version": "2.0.8",
      "license": "MIT",
      "dependencies": {
        "@so-ric/colorspace": "^1.1.6",
        "enabled": "2.0.x",
        "kuler": "^2.0.0"
      }
    },
    "node_modules/@jridgewell/resolve-uri": {
      "version": "3.1.2",
      "dev": true,
      "license": "MIT",
      "engines": {
        "node": ">=6.0.0"
      }
    },
    "node_modules/@jridgewell/sourcemap-codec": {
      "version": "1.5.5",
      "dev": true,
      "license": "MIT"
    },
    "node_modules/@jridgewell/trace-mapping": {
      "version": "0.3.9",
      "dev": true,
      "license": "MIT",
      "dependencies": {
        "@jridgewell/resolve-uri": "^3.0.3",
        "@jridgewell/sourcemap-codec": "^1.4.10"
      }
    },
    "node_modules/@so-ric/colorspace": {
      "version": "1.1.6",
      "license": "MIT",
      "dependencies": {
        "color": "^5.0.2",
        "text-hex": "1.0.x"
      }
    },
    "node_modules/@tele-assistant/core": {
      "resolved": "packages/core",
      "link": true
    },
    "node_modules/@tele-assistant/scraper": {
      "resolved": "services/scraper",
      "link": true
    },
    "node_modules/@tsconfig/node10": {
      "version": "1.0.12",
      "dev": true,
      "license": "MIT"
    },
    "node_modules/@tsconfig/node12": {
      "version": "1.0.11",
      "dev": true,
      "license": "MIT"
    },
    "node_modules/@tsconfig/node14": {
      "version": "1.0.3",
      "dev": true,
      "license": "MIT"
    },
    "node_modules/@tsconfig/node16": {
      "version": "1.0.4",
      "dev": true,
      "license": "MIT"
    },
    "node_modules/@types/node": {
      "version": "20.19.27",
      "dev": true,
      "license": "MIT",
      "dependencies": {
        "undici-types": "~6.21.0"
      }
    },
    "node_modules/@types/triple-beam": {
      "version": "1.3.5",
      "license": "MIT"
    },
    "node_modules/acorn": {
      "version": "8.15.0",
      "dev": true,
      "license": "MIT",
      "bin": {
        "acorn": "bin/acorn"
      },
      "engines": {
        "node": ">=0.4.0"
      }
    },
    "node_modules/acorn-walk": {
      "version": "8.3.4",
      "dev": true,
      "license": "MIT",
      "dependencies": {
        "acorn": "^8.11.0"
      },
      "engines": {
        "node": ">=0.4.0"
      }
    },
    "node_modules/arg": {
      "version": "4.1.3",
      "dev": true,
      "license": "MIT"
    },
    "node_modules/async": {
      "version": "3.2.6",
      "license": "MIT"
    },
    "node_modules/color": {
      "version": "5.0.3",
      "license": "MIT",
      "dependencies": {
        "color-convert": "^3.1.3",
        "color-string": "^2.1.3"
      },
      "engines": {
        "node": ">=18"
      }
    },
    "node_modules/color-convert": {
      "version": "3.1.3",
      "license": "MIT",
      "dependencies": {
        "color-name": "^2.0.0"
      },
      "engines": {
        "node": ">=14.6"
      }
    },
    "node_modules/color-name": {
      "version": "2.1.0",
      "license": "MIT",
      "engines": {
        "node": ">=12.20"
      }
    },
    "node_modules/color-string": {
      "version": "2.1.4",
      "license": "MIT",
      "dependencies": {
        "color-name": "^2.0.0"
      },
      "engines": {
        "node": ">=18"
      }
    },
    "node_modules/create-require": {
      "version": "1.1.1",
      "dev": true,
      "license": "MIT"
    },
    "node_modules/diff": {
      "version": "4.0.2",
      "dev": true,
      "license": "BSD-3-Clause",
      "engines": {
        "node": ">=0.3.1"
      }
    },
    "node_modules/dotenv": {
      "version": "16.6.1",
      "license": "BSD-2-Clause",
      "engines": {
        "node": ">=12"
      },
      "funding": {
        "url": "https://dotenvx.com"
      }
    },
    "node_modules/enabled": {
      "version": "2.0.0",
      "license": "MIT"
    },
    "node_modules/fecha": {
      "version": "4.2.3",
      "license": "MIT"
    },
    "node_modules/fn.name": {
      "version": "1.1.0",
      "license": "MIT"
    },
    "node_modules/husky": {
      "version": "8.0.3",
      "dev": true,
      "license": "MIT",
      "bin": {
        "husky": "lib/bin.js"
      },
      "engines": {
        "node": ">=14"
      },
      "funding": {
        "url": "https://github.com/sponsors/typicode"
      }
    },
    "node_modules/inherits": {
      "version": "2.0.4",
      "license": "ISC"
    },
    "node_modules/is-stream": {
      "version": "2.0.1",
      "license": "MIT",
      "engines": {
        "node": ">=8"
      },
      "funding": {
        "url": "https://github.com/sponsors/sindresorhus"
      }
    },
    "node_modules/kuler": {
      "version": "2.0.0",
      "license": "MIT"
    },
    "node_modules/logform": {
      "version": "2.7.0",
      "license": "MIT",
      "dependencies": {
        "@colors/colors": "1.6.0",
        "@types/triple-beam": "^1.3.2",
        "fecha": "^4.2.0",
        "ms": "^2.1.1",
        "safe-stable-stringify": "^2.3.1",
        "triple-beam": "^1.3.0"
      },
      "engines": {
        "node": ">= 12.0.0"
      }
    },
    "node_modules/make-error": {
      "version": "1.3.6",
      "dev": true,
      "license": "ISC"
    },
    "node_modules/ms": {
      "version": "2.1.3",
      "license": "MIT"
    },
    "node_modules/one-time": {
      "version": "1.0.0",
      "license": "MIT",
      "dependencies": {
        "fn.name": "1.x.x"
      }
    },
    "node_modules/playwright": {
      "version": "1.57.0",
      "license": "Apache-2.0",
      "dependencies": {
        "playwright-core": "1.57.0"
      },
      "bin": {
        "playwright": "cli.js"
      },
      "engines": {
        "node": ">=18"
      },
      "optionalDependencies": {
        "fsevents": "2.3.2"
      }
    },
    "node_modules/playwright-core": {
      "version": "1.57.0",
      "license": "Apache-2.0",
      "bin": {
        "playwright-core": "cli.js"
      },
      "engines": {
        "node": ">=18"
      }
    },
    "node_modules/readable-stream": {
      "version": "3.6.2",
      "license": "MIT",
      "dependencies": {
        "inherits": "^2.0.3",
        "string_decoder": "^1.1.1",
        "util-deprecate": "^1.0.1"
      },
      "engines": {
        "node": ">= 6"
      }
    },
    "node_modules/safe-buffer": {
      "version": "5.2.1",
      "funding": [
        {
          "type": "github",
          "url": "https://github.com/sponsors/feross"
        },
        {
          "type": "patreon",
          "url": "https://www.patreon.com/feross"
        },
        {
          "type": "consulting",
          "url": "https://feross.org/support"
        }
      ],
      "license": "MIT"
    },
    "node_modules/safe-stable-stringify": {
      "version": "2.5.0",
      "license": "MIT",
      "engines": {
        "node": ">=10"
      }
    },
    "node_modules/stack-trace": {
      "version": "0.0.10",
      "license": "MIT",
      "engines": {
        "node": "*"
      }
    },
    "node_modules/string_decoder": {
      "version": "1.3.0",
      "license": "MIT",
      "dependencies": {
        "safe-buffer": "~5.2.0"
      }
    },
    "node_modules/text-hex": {
      "version": "1.0.0",
      "license": "MIT"
    },
    "node_modules/triple-beam": {
      "version": "1.4.1",
      "license": "MIT",
      "engines": {
        "node": ">= 14.0.0"
      }
    },
    "node_modules/ts-node": {
      "version": "10.9.2",
      "dev": true,
      "license": "MIT",
      "dependencies": {
        "@cspotcode/source-map-support": "^0.8.0",
        "@tsconfig/node10": "^1.0.7",
        "@tsconfig/node12": "^1.0.7",
        "@tsconfig/node14": "^1.0.0",
        "@tsconfig/node16": "^1.0.2",
        "acorn": "^8.4.1",
        "acorn-walk": "^8.1.1",
        "arg": "^4.1.0",
        "create-require": "^1.1.0",
        "diff": "^4.0.1",
        "make-error": "^1.1.1",
        "v8-compile-cache-lib": "^3.0.1",
        "yn": "3.1.1"
      },
      "bin": {
        "ts-node": "dist/bin.js",
        "ts-node-cwd": "dist/bin-cwd.js",
        "ts-node-esm": "dist/bin-esm.js",
        "ts-node-script": "dist/bin-script.js",
        "ts-node-transpile-only": "dist/bin-transpile.js",
        "ts-script": "dist/bin-script-deprecated.js"
      },
      "peerDependencies": {
        "@swc/core": ">=1.2.50",
        "@swc/wasm": ">=1.2.50",
        "@types/node": "*",
        "typescript": ">=2.7"
      },
      "peerDependenciesMeta": {
        "@swc/core": {
          "optional": true
        },
        "@swc/wasm": {
          "optional": true
        }
      }
    },
    "node_modules/typescript": {
      "version": "5.9.3",
      "dev": true,
      "license": "Apache-2.0",
      "bin": {
        "tsc": "bin/tsc",
        "tsserver": "bin/tsserver"
      },
      "engines": {
        "node": ">=14.17"
      }
    },
    "node_modules/undici-types": {
      "version": "6.21.0",
      "dev": true,
      "license": "MIT"
    },
    "node_modules/util-deprecate": {
      "version": "1.0.2",
      "license": "MIT"
    },
    "node_modules/v8-compile-cache-lib": {
      "version": "3.0.1",
      "dev": true,
      "license": "MIT"
    },
    "node_modules/winston": {
      "version": "3.19.0",
      "license": "MIT",
      "dependencies": {
        "@colors/colors": "^1.6.0",
        "@dabh/diagnostics": "^2.0.8",
        "async": "^3.2.3",
        "is-stream": "^2.0.0",
        "logform": "^2.7.0",
        "one-time": "^1.0.0",
        "readable-stream": "^3.4.0",
        "safe-stable-stringify": "^2.3.1",
        "stack-trace": "0.0.x",
        "triple-beam": "^1.3.0",
        "winston-transport": "^4.9.0"
      },
      "engines": {
        "node": ">= 12.0.0"
      }
    },
    "node_modules/winston-transport": {
      "version": "4.9.0",
      "license": "MIT",
      "dependencies": {
        "logform": "^2.7.0",
        "readable-stream": "^3.6.2",
        "triple-beam": "^1.3.0"
      },
      "engines": {
        "node": ">= 12.0.0"
      }
    },
    "node_modules/yn": {
      "version": "3.1.1",
      "dev": true,
      "license": "MIT",
      "engines": {
        "node": ">=6"
      }
    },
    "node_modules/zod": {
      "version": "3.25.76",
      "license": "MIT",
      "funding": {
        "url": "https://github.com/sponsors/colinhacks"
      }
    },
    "packages/core": {
      "name": "@tele-assistant/core",
      "version": "1.0.0",
      "dependencies": {
        "dotenv": "^16.3.1",
        "winston": "^3.10.0",
        "zod": "^3.21.4"
      }
    },
    "services/scraper": {
      "name": "@tele-assistant/scraper",
      "version": "1.0.0",
      "dependencies": {
        "@tele-assistant/core": "*",
        "playwright": "^1.38.0"
      }
    }
  }
}
